
Microsoft Visual Studio Solution File, Format Version 12.00
# Visual Studio Version 17
VisualStudioVersion = 17.5.002.0
MinimumVisualStudioVersion = 10.0.40219.1
Project("{2150E333-8FDC-42A3-9474-1A3956D46DE8}") = "prepare", "prepare", "{A579988E-E1BB-4D7C-BD42-E94B8E150A08}"
EndProject
Project("{9A19103F-16F7-4668-BE54-9A1E7A4F7556}") = "Learning02", "prepare\Learning02\Learning02.csproj", "{3693CA4C-B73F-4FFF-BB91-307D37129F06}"
EndProject
Project("{9A19103F-16F7-4668-BE54-9A1E7A4F7556}") = "Learning05", "prepare\Learning05\Learning05.csproj", "{779F1193-B53E-470C-BA16-69965A8E47C0}"
EndProject
Project("{9A19103F-16F7-4668-BE54-9A1E7A4F7556}") = "Learning04", "prepare\Learning04\Learning04.csproj", "{BFDE6FBD-24DC-4788-AF69-9FA6AC5BEB3A}"
EndProject
Project("{9A19103F-16F7-4668-BE54-9A1E7A4F7556}") = "Learning03", "prepare\Learning03\Learning03.csproj", "{230C9FA2-1C7B-4812-970C-88D17FB2DC98}"
EndProject
Project("{2150E333-8FDC-42A3-9474-1A3956D46DE8}") = "prove", "prove", "{A8CC96EA-DAD1-407C-BDFC-063AD7619626}"
EndProject
Project("{9A19103F-16F7-4668-BE54-9A1E7A4F7556}") = "Develop03", "prove\Develop03\Develop03.csproj", "{C2460792-5F57-4BA9-9622-6D466237C0A5}"
EndProject
Project("{9A19103F-16F7-4668-BE54-9A1E7A4F7556}") = "Develop04", "prove\Develop04\Develop04.csproj", "{45A5809B-E76F-4ADD-B5E9-F6B7ECF0C6F5}"
EndProject
Project("{9A19103F-16F7-4668-BE54-9A1E7A4F7556}") = "Develop05", "prove\Develop05\Develop05.csproj", "{B7ECB71E-EC75-4339-8E44-C7D0F02503E4}"
EndProject
Project("{9A19103F-16F7-4668-BE54-9A1E7A4F7556}") = "Develop02", "prove\Develop02\Develop02.csproj", "{9F97294F-6D1C-4C91-811D-A474D5D29750}"
EndProject
Project("{2150E333-8FDC-42A3-9474-1A3956D46DE8}") = "sandbox", "sandbox", "{2C800946-2693-4197-964F-C30AAC4553E1}"
EndProject
Project("{9A19103F-16F7-4668-BE54-9A1E7A4F7556}") = "Sandbox", "sandbox\Sandbox\Sandbox.csproj", "{AC230416-E372-4CAD-AF9F-6FC9A2A8A9CD}"
EndProject
Project("{2150E333-8FDC-42A3-9474-1A3956D46DE8}") = "final", "final", "{CA89662F-B6D1-40C1-B96A-504FB35CE458}"
EndProject
Project("{9A19103F-16F7-4668-BE54-9A1E7A4F7556}") = "FinalProject", "final\FinalProject\FinalProject.csproj", "{C0481E3E-3559-4AAE-91E9-D661354D1E54}"
EndProject
Project("{9A19103F-16F7-4668-BE54-9A1E7A4F7556}") = "Foundation1", "final\Foundation1\Foundation1.csproj", "{066616EC-30AC-4317-B401-701E00C661C7}"
EndProject
Project("{9A19103F-16F7-4668-BE54-9A1E7A4F7556}") = "Foundation4", "final\Foundation4\Foundation4.csproj", "{DCAA2F3D-EFDB-40D2-B980-483C432E2184}"
EndProject
Project("{9A19103F-16F7-4668-BE54-9A1E7A4F7556}") = "Foundation3", "final\Foundation3\Foundation3.csproj", "{EEBCDE45-0FB2-4F6B-98FC-EC22590141C9}"
EndProject
Project("{9A19103F-16F7-4668-BE54-9A1E7A4F7556}") = "Foundation2", "final\Foundation2\Foundation2.csproj", "{6317D353-B3D9-4402-9B9A-3E8D676A858C}"
EndProject
Project("{2150E333-8FDC-42A3-9474-1A3956D46DE8}") = "csharp-prep", "csharp-prep", "{E5ECE36C-D141-4A95-96F0-F7BF4CA77A5E}"
EndProject
Project("{9A19103F-16F7-4668-BE54-9A1E7A4F7556}") = "Prep1", "csharp-prep\Prep1\Prep1.csproj", "{90119173-3196-4E71-8DEE-916D5559589B}"
EndProject
Project("{9A19103F-16F7-4668-BE54-9A1E7A4F7556}") = "Prep5", "csharp-prep\Prep5\Prep5.csproj", "{55228CC4-670C-472A-B9AC-32A21CF5BD97}"
EndProject
Project("{9A19103F-16F7-4668-BE54-9A1E7A4F7556}") = "Prep2", "csharp-prep\Prep2\Prep2.csproj", "{0281B302-F4EE-433E-9920-52CE87EED894}"
EndProject
Project("{9A19103F-16F7-4668-BE54-9A1E7A4F7556}") = "Prep3", "csharp-prep\Prep3\Prep3.csproj", "{DB256300-0840-4507-94C7-7CDFCA74125A}"
EndProject
Project("{9A19103F-16F7-4668-BE54-9A1E7A4F7556}") = "Prep4", "csharp-prep\Prep4\Prep4.csproj", "{620BCF6D-C4B5-4AF0-B27C-50E6EC5533F7}"
EndProject
Global
	GlobalSection(SolutionConfigurationPlatforms) = preSolution
		Debug|Any CPU = Debug|Any CPU
		Release|Any CPU = Release|Any CPU
	EndGlobalSection
	GlobalSection(ProjectConfigurationPlatforms) = postSolution
		{3693CA4C-B73F-4FFF-BB91-307D37129F06}.Debug|Any CPU.ActiveCfg = Debug|Any CPU
		{3693CA4C-B73F-4FFF-BB91-307D37129F06}.Debug|Any CPU.Build.0 = Debug|Any CPU
		{3693CA4C-B73F-4FFF-BB91-307D37129F06}.Release|Any CPU.ActiveCfg = Release|Any CPU
		{3693CA4C-B73F-4FFF-BB91-307D37129F06}.Release|Any CPU.Build.0 = Release|Any CPU
		{779F1193-B53E-470C-BA16-69965A8E47C0}.Debug|Any CPU.ActiveCfg = Debug|Any CPU
		{779F1193-B53E-470C-BA16-69965A8E47C0}.Debug|Any CPU.Build.0 = Debug|Any CPU
		{779F1193-B53E-470C-BA16-69965A8E47C0}.Release|Any CPU.ActiveCfg = Release|Any CPU
		{779F1193-B53E-470C-BA16-69965A8E47C0}.Release|Any CPU.Build.0 = Release|Any CPU
		{BFDE6FBD-24DC-4788-AF69-9FA6AC5BEB3A}.Debug|Any CPU.ActiveCfg = Debug|Any CPU
		{BFDE6FBD-24DC-4788-AF69-9FA6AC5BEB3A}.Debug|Any CPU.Build.0 = Debug|Any CPU
		{BFDE6FBD-24DC-4788-AF69-9FA6AC5BEB3A}.Release|Any CPU.ActiveCfg = Release|Any CPU
		{BFDE6FBD-24DC-4788-AF69-9FA6AC5BEB3A}.Release|Any CPU.Build.0 = Release|Any CPU
		{230C9FA2-1C7B-4812-970C-88D17FB2DC98}.Debug|Any CPU.ActiveCfg = Debug|Any CPU
		{230C9FA2-1C7B-4812-970C-88D17FB2DC98}.Debug|Any CPU.Build.0 = Debug|Any CPU
		{230C9FA2-1C7B-4812-970C-88D17FB2DC98}.Release|Any CPU.ActiveCfg = Release|Any CPU
		{230C9FA2-1C7B-4812-970C-88D17FB2DC98}.Release|Any CPU.Build.0 = Release|Any CPU
		{C2460792-5F57-4BA9-9622-6D466237C0A5}.Debug|Any CPU.ActiveCfg = Debug|Any CPU
		{C2460792-5F57-4BA9-9622-6D466237C0A5}.Debug|Any CPU.Build.0 = Debug|Any CPU
		{C2460792-5F57-4BA9-9622-6D466237C0A5}.Release|Any CPU.ActiveCfg = Release|Any CPU
		{C2460792-5F57-4BA9-9622-6D466237C0A5}.Release|Any CPU.Build.0 = Release|Any CPU
		{45A5809B-E76F-4ADD-B5E9-F6B7ECF0C6F5}.Debug|Any CPU.ActiveCfg = Debug|Any CPU
		{45A5809B-E76F-4ADD-B5E9-F6B7ECF0C6F5}.Debug|Any CPU.Build.0 = Debug|Any CPU
		{45A5809B-E76F-4ADD-B5E9-F6B7ECF0C6F5}.Release|Any CPU.ActiveCfg = Release|Any CPU
		{45A5809B-E76F-4ADD-B5E9-F6B7ECF0C6F5}.Release|Any CPU.Build.0 = Release|Any CPU
		{B7ECB71E-EC75-4339-8E44-C7D0F02503E4}.Debug|Any CPU.ActiveCfg = Debug|Any CPU
		{B7ECB71E-EC75-4339-8E44-C7D0F02503E4}.Debug|Any CPU.Build.0 = Debug|Any CPU
		{B7ECB71E-EC75-4339-8E44-C7D0F02503E4}.Release|Any CPU.ActiveCfg = Release|Any CPU
		{B7ECB71E-EC75-4339-8E44-C7D0F02503E4}.Release|Any CPU.Build.0 = Release|Any CPU
		{9F97294F-6D1C-4C91-811D-A474D5D29750}.Debug|Any CPU.ActiveCfg = Debug|Any CPU
		{9F97294F-6D1C-4C91-811D-A474D5D29750}.Debug|Any CPU.Build.0 = Debug|Any CPU
		{9F97294F-6D1C-4C91-811D-A474D5D29750}.Release|Any CPU.ActiveCfg = Release|Any CPU
		{9F97294F-6D1C-4C91-811D-A474D5D29750}.Release|Any CPU.Build.0 = Release|Any CPU
		{AC230416-E372-4CAD-AF9F-6FC9A2A8A9CD}.Debug|Any CPU.ActiveCfg = Debug|Any CPU
		{AC230416-E372-4CAD-AF9F-6FC9A2A8A9CD}.Debug|Any CPU.Build.0 = Debug|Any CPU
		{AC230416-E372-4CAD-AF9F-6FC9A2A8A9CD}.Release|Any CPU.ActiveCfg = Release|Any CPU
		{AC230416-E372-4CAD-AF9F-6FC9A2A8A9CD}.Release|Any CPU.Build.0 = Release|Any CPU
		{C0481E3E-3559-4AAE-91E9-D661354D1E54}.Debug|Any CPU.ActiveCfg = Debug|Any CPU
		{C0481E3E-3559-4AAE-91E9-D661354D1E54}.Debug|Any CPU.Build.0 = Debug|Any CPU
		{C0481E3E-3559-4AAE-91E9-D661354D1E54}.Release|Any CPU.ActiveCfg = Release|Any CPU
		{C0481E3E-3559-4AAE-91E9-D661354D1E54}.Release|Any CPU.Build.0 = Release|Any CPU
		{066616EC-30AC-4317-B401-701E00C661C7}.Debug|Any CPU.ActiveCfg = Debug|Any CPU
		{066616EC-30AC-4317-B401-701E00C661C7}.Debug|Any CPU.Build.0 = Debug|Any CPU
		{066616EC-30AC-4317-B401-701E00C661C7}.Release|Any CPU.ActiveCfg = Release|Any CPU
		{066616EC-30AC-4317-B401-701E00C661C7}.Release|Any CPU.Build.0 = Release|Any CPU
		{DCAA2F3D-EFDB-40D2-B980-483C432E2184}.Debug|Any CPU.ActiveCfg = Debug|Any CPU
		{DCAA2F3D-EFDB-40D2-B980-483C432E2184}.Debug|Any CPU.Build.0 = Debug|Any CPU
		{DCAA2F3D-EFDB-40D2-B980-483C432E2184}.Release|Any CPU.ActiveCfg = Release|Any CPU
		{DCAA2F3D-EFDB-40D2-B980-483C432E2184}.Release|Any CPU.Build.0 = Release|Any CPU
		{EEBCDE45-0FB2-4F6B-98FC-EC22590141C9}.Debug|Any CPU.ActiveCfg = Debug|Any CPU
		{EEBCDE45-0FB2-4F6B-98FC-EC22590141C9}.Debug|Any CPU.Build.0 = Debug|Any CPU
		{EEBCDE45-0FB2-4F6B-98FC-EC22590141C9}.Release|Any CPU.ActiveCfg = Release|Any CPU
		{EEBCDE45-0FB2-4F6B-98FC-EC22590141C9}.Release|Any CPU.Build.0 = Release|Any CPU
		{6317D353-B3D9-4402-9B9A-3E8D676A858C}.Debug|Any CPU.ActiveCfg = Debug|Any CPU
		{6317D353-B3D9-4402-9B9A-3E8D676A858C}.Debug|Any CPU.Build.0 = Debug|Any CPU
		{6317D353-B3D9-4402-9B9A-3E8D676A858C}.Release|Any CPU.ActiveCfg = Release|Any CPU
		{6317D353-B3D9-4402-9B9A-3E8D676A858C}.Release|Any CPU.Build.0 = Release|Any CPU
		{90119173-3196-4E71-8DEE-916D5559589B}.Debug|Any CPU.ActiveCfg = Debug|Any CPU
		{90119173-3196-4E71-8DEE-916D5559589B}.Debug|Any CPU.Build.0 = Debug|Any CPU
		{90119173-3196-4E71-8DEE-916D5559589B}.Release|Any CPU.ActiveCfg = Release|Any CPU
		{90119173-3196-4E71-8DEE-916D5559589B}.Release|Any CPU.Build.0 = Release|Any CPU
		{55228CC4-670C-472A-B9AC-32A21CF5BD97}.Debug|Any CPU.ActiveCfg = Debug|Any CPU
		{55228CC4-670C-472A-B9AC-32A21CF5BD97}.Debug|Any CPU.Build.0 = Debug|Any CPU
		{55228CC4-670C-472A-B9AC-32A21CF5BD97}.Release|Any CPU.ActiveCfg = Release|Any CPU
		{55228CC4-670C-472A-B9AC-32A21CF5BD97}.Release|Any CPU.Build.0 = Release|Any CPU
		{0281B302-F4EE-433E-9920-52CE87EED894}.Debug|Any CPU.ActiveCfg = Debug|Any CPU
		{0281B302-F4EE-433E-9920-52CE87EED894}.Debug|Any CPU.Build.0 = Debug|Any CPU
		{0281B302-F4EE-433E-9920-52CE87EED894}.Release|Any CPU.ActiveCfg = Release|Any CPU
		{0281B302-F4EE-433E-9920-52CE87EED894}.Release|Any CPU.Build.0 = Release|Any CPU
		{DB256300-0840-4507-94C7-7CDFCA74125A}.Debug|Any CPU.ActiveCfg = Debug|Any CPU
		{DB256300-0840-4507-94C7-7CDFCA74125A}.Debug|Any CPU.Build.0 = Debug|Any CPU
		{DB256300-0840-4507-94C7-7CDFCA74125A}.Release|Any CPU.ActiveCfg = Release|Any CPU
		{DB256300-0840-4507-94C7-7CDFCA74125A}.Release|Any CPU.Build.0 = Release|Any CPU
		{620BCF6D-C4B5-4AF0-B27C-50E6EC5533F7}.Debug|Any CPU.ActiveCfg = Debug|Any CPU
		{620BCF6D-C4B5-4AF0-B27C-50E6EC5533F7}.Debug|Any CPU.Build.0 = Debug|Any CPU
		{620BCF6D-C4B5-4AF0-B27C-50E6EC5533F7}.Release|Any CPU.ActiveCfg = Release|Any CPU
		{620BCF6D-C4B5-4AF0-B27C-50E6EC5533F7}.Release|Any CPU.Build.0 = Release|Any CPU
	EndGlobalSection
	GlobalSection(SolutionProperties) = preSolution
		HideSolutionNode = FALSE
	EndGlobalSection
	GlobalSection(NestedProjects) = preSolution
		{3693CA4C-B73F-4FFF-BB91-307D37129F06} = {A579988E-E1BB-4D7C-BD42-E94B8E150A08}
		{779F1193-B53E-470C-BA16-69965A8E47C0} = {A579988E-E1BB-4D7C-BD42-E94B8E150A08}
		{BFDE6FBD-24DC-4788-AF69-9FA6AC5BEB3A} = {A579988E-E1BB-4D7C-BD42-E94B8E150A08}
		{230C9FA2-1C7B-4812-970C-88D17FB2DC98} = {A579988E-E1BB-4D7C-BD42-E94B8E150A08}
		{C2460792-5F57-4BA9-9622-6D466237C0A5} = {A8CC96EA-DAD1-407C-BDFC-063AD7619626}
		{45A5809B-E76F-4ADD-B5E9-F6B7ECF0C6F5} = {A8CC96EA-DAD1-407C-BDFC-063AD7619626}
		{B7ECB71E-EC75-4339-8E44-C7D0F02503E4} = {A8CC96EA-DAD1-407C-BDFC-063AD7619626}
		{9F97294F-6D1C-4C91-811D-A474D5D29750} = {A8CC96EA-DAD1-407C-BDFC-063AD7619626}
		{AC230416-E372-4CAD-AF9F-6FC9A2A8A9CD} = {2C800946-2693-4197-964F-C30AAC4553E1}
		{C0481E3E-3559-4AAE-91E9-D661354D1E54} = {CA89662F-B6D1-40C1-B96A-504FB35CE458}
		{066616EC-30AC-4317-B401-701E00C661C7} = {CA89662F-B6D1-40C1-B96A-504FB35CE458}
		{DCAA2F3D-EFDB-40D2-B980-483C432E2184} = {CA89662F-B6D1-40C1-B96A-504FB35CE458}
		{EEBCDE45-0FB2-4F6B-98FC-EC22590141C9} = {CA89662F-B6D1-40C1-B96A-504FB35CE458}
		{6317D353-B3D9-4402-9B9A-3E8D676A858C} = {CA89662F-B6D1-40C1-B96A-504FB35CE458}
		{90119173-3196-4E71-8DEE-916D5559589B} = {E5ECE36C-D141-4A95-96F0-F7BF4CA77A5E}
		{55228CC4-670C-472A-B9AC-32A21CF5BD97} = {E5ECE36C-D141-4A95-96F0-F7BF4CA77A5E}
		{0281B302-F4EE-433E-9920-52CE87EED894} = {E5ECE36C-D141-4A95-96F0-F7BF4CA77A5E}
		{DB256300-0840-4507-94C7-7CDFCA74125A} = {E5ECE36C-D141-4A95-96F0-F7BF4CA77A5E}
		{620BCF6D-C4B5-4AF0-B27C-50E6EC5533F7} = {E5ECE36C-D141-4A95-96F0-F7BF4CA77A5E}
	EndGlobalSection
	GlobalSection(ExtensibilityGlobals) = postSolution
		SolutionGuid = {E3CC9B44-1A2B-4067-9C18-B28DF504EA9E}
	EndGlobalSection
EndGlobal
